
Microsoft Visual Studio Solution File, Format Version 12.00
# Visual Studio Version 17
VisualStudioVersion = 17.3.32825.248
MinimumVisualStudioVersion = 10.0.40219.1
Project("{2150E333-8FDC-42A3-9474-1A3956D46DE8}") = "Frontend", "Frontend", "{DB043725-FF98-487D-A11E-220E78F1EA40}"
EndProject
Project("{FAE04EC0-301F-11D3-BF4B-00C04F79EFBC}") = "Mango.Web", "Mango.Web\Mango.Web.csproj", "{D914E4B8-B8C1-4ABD-933C-AD7A16089FB5}"
EndProject
Project("{2150E333-8FDC-42A3-9474-1A3956D46DE8}") = "Services", "Services", "{F0D5D623-8FEC-4432-8EB4-E7F0809071C5}"
EndProject
Project("{FAE04EC0-301F-11D3-BF4B-00C04F79EFBC}") = "Mango.Services.ProductAPI", "Mango.Services.ProductAPI\Mango.Services.ProductAPI.csproj", "{003A4EC9-9EAE-4AAB-921F-989023863977}"
EndProject
Global
	GlobalSection(SolutionConfigurationPlatforms) = preSolution
		Debug|Any CPU = Debug|Any CPU
		Release|Any CPU = Release|Any CPU
	EndGlobalSection
	GlobalSection(ProjectConfigurationPlatforms) = postSolution
		{D914E4B8-B8C1-4ABD-933C-AD7A16089FB5}.Debug|Any CPU.ActiveCfg = Debug|Any CPU
		{D914E4B8-B8C1-4ABD-933C-AD7A16089FB5}.Debug|Any CPU.Build.0 = Debug|Any CPU
		{D914E4B8-B8C1-4ABD-933C-AD7A16089FB5}.Release|Any CPU.ActiveCfg = Release|Any CPU
		{D914E4B8-B8C1-4ABD-933C-AD7A16089FB5}.Release|Any CPU.Build.0 = Release|Any CPU
		{003A4EC9-9EAE-4AAB-921F-989023863977}.Debug|Any CPU.ActiveCfg = Debug|Any CPU
		{003A4EC9-9EAE-4AAB-921F-989023863977}.Debug|Any CPU.Build.0 = Debug|Any CPU
		{003A4EC9-9EAE-4AAB-921F-989023863977}.Release|Any CPU.ActiveCfg = Release|Any CPU
		{003A4EC9-9EAE-4AAB-921F-989023863977}.Release|Any CPU.Build.0 = Release|Any CPU
	EndGlobalSection
	GlobalSection(SolutionProperties) = preSolution
		HideSolutionNode = FALSE
	EndGlobalSection
	GlobalSection(NestedProjects) = preSolution
		{D914E4B8-B8C1-4ABD-933C-AD7A16089FB5} = {DB043725-FF98-487D-A11E-220E78F1EA40}
		{003A4EC9-9EAE-4AAB-921F-989023863977} = {F0D5D623-8FEC-4432-8EB4-E7F0809071C5}
	EndGlobalSection
	GlobalSection(ExtensibilityGlobals) = postSolution
		SolutionGuid = {254A8AC2-A6BF-4CA9-B34B-398088782254}
	EndGlobalSection
EndGlobal
